
Microsoft Visual Studio Solution File, Format Version 12.00
# Visual Studio Version 17
VisualStudioVersion = 17.2.32602.215
MinimumVisualStudioVersion = 10.0.40219.1
Project("{FAE04EC0-301F-11D3-BF4B-00C04F79EFBC}") = "MultiTenantPOC", "MultiTenantPOC\MultiTenantPOC.csproj", "{E9FA2753-5A9C-41CD-A7E3-A91DF5C23A39}"
EndProject
Project("{FAE04EC0-301F-11D3-BF4B-00C04F79EFBC}") = "MultiTenant.Infraestructure", "MultiTenant.Infraestructure\MultiTenant.Infraestructure.csproj", "{FA0DA03D-BA55-4543-8BBD-04E2C90BFEAC}"
EndProject
Global
	GlobalSection(SolutionConfigurationPlatforms) = preSolution
		Debug|Any CPU = Debug|Any CPU
		Release|Any CPU = Release|Any CPU
	EndGlobalSection
	GlobalSection(ProjectConfigurationPlatforms) = postSolution
		{E9FA2753-5A9C-41CD-A7E3-A91DF5C23A39}.Debug|Any CPU.ActiveCfg = Debug|Any CPU
		{E9FA2753-5A9C-41CD-A7E3-A91DF5C23A39}.Debug|Any CPU.Build.0 = Debug|Any CPU
		{E9FA2753-5A9C-41CD-A7E3-A91DF5C23A39}.Release|Any CPU.ActiveCfg = Release|Any CPU
		{E9FA2753-5A9C-41CD-A7E3-A91DF5C23A39}.Release|Any CPU.Build.0 = Release|Any CPU
		{FA0DA03D-BA55-4543-8BBD-04E2C90BFEAC}.Debug|Any CPU.ActiveCfg = Debug|Any CPU
		{FA0DA03D-BA55-4543-8BBD-04E2C90BFEAC}.Debug|Any CPU.Build.0 = Debug|Any CPU
		{FA0DA03D-BA55-4543-8BBD-04E2C90BFEAC}.Release|Any CPU.ActiveCfg = Release|Any CPU
		{FA0DA03D-BA55-4543-8BBD-04E2C90BFEAC}.Release|Any CPU.Build.0 = Release|Any CPU
	EndGlobalSection
	GlobalSection(SolutionProperties) = preSolution
		HideSolutionNode = FALSE
	EndGlobalSection
	GlobalSection(ExtensibilityGlobals) = postSolution
		SolutionGuid = {D91AC55C-18DD-4A60-92E7-418483815127}
	EndGlobalSection
EndGlobal
